// !$*UTF8*$!
{
	archiveVersion = 1;
	classes = {
	};
	objectVersion = 50;
	objects = {

/* Begin PBXBuildFile section */
		3E4C57197ABC89E969554F2B /* Pods_RemoteControlIOSDevice.framework in Frameworks */ = {isa = PBXBuildFile; fileRef = 5E8BF0B33A796C7B51E5F79E /* Pods_RemoteControlIOSDevice.framework */; };
		ED4A0C1420AB42FA00B43A23 /* AppDelegate.swift in Sources */ = {isa = PBXBuildFile; fileRef = ED4A0C1320AB42FA00B43A23 /* AppDelegate.swift */; };
		ED4A0C1620AB42FA00B43A23 /* RemoteControlViewController.swift in Sources */ = {isa = PBXBuildFile; fileRef = ED4A0C1520AB42FA00B43A23 /* RemoteControlViewController.swift */; };
		ED4A0C1820AB42FC00B43A23 /* Assets.xcassets in Resources */ = {isa = PBXBuildFile; fileRef = ED4A0C1720AB42FC00B43A23 /* Assets.xcassets */; };
		ED4A0C1B20AB42FC00B43A23 /* Main.storyboard in Resources */ = {isa = PBXBuildFile; fileRef = ED4A0C1920AB42FC00B43A23 /* Main.storyboard */; };
		ED960D6D20ADBB120095F9C3 /* RemoteControlModel.swift in Sources */ = {isa = PBXBuildFile; fileRef = ED960D6C20ADBB120095F9C3 /* RemoteControlModel.swift */; };
		ED960D6F20ADBED60095F9C3 /* RemoteControlIOSModel.swift in Sources */ = {isa = PBXBuildFile; fileRef = ED960D6E20ADBED60095F9C3 /* RemoteControlIOSModel.swift */; };
		ED960D7320ADD8350095F9C3 /* defaults.plist in Resources */ = {isa = PBXBuildFile; fileRef = ED960D7220ADD8350095F9C3 /* defaults.plist */; };
		ED960D7820AF24200095F9C3 /* ScreenShotImageView.swift in Sources */ = {isa = PBXBuildFile; fileRef = ED960D7720AF24200095F9C3 /* ScreenShotImageView.swift */; };
		ED960D7B20AF3F2C0095F9C3 /* RemoteControlViewModel.swift in Sources */ = {isa = PBXBuildFile; fileRef = ED960D7A20AF3F2C0095F9C3 /* RemoteControlViewModel.swift */; };
		ED960D8B20AF7C4B0095F9C3 /* NSImage+Rotated.m in Sources */ = {isa = PBXBuildFile; fileRef = ED960D7F20AF7C4B0095F9C3 /* NSImage+Rotated.m */; };
		ED960D8C20AF7C4B0095F9C3 /* Utility.m in Sources */ = {isa = PBXBuildFile; fileRef = ED960D8220AF7C4B0095F9C3 /* Utility.m */; };
		ED960D8E20AF7C4B0095F9C3 /* NodeInstance.m in Sources */ = {isa = PBXBuildFile; fileRef = ED960D8520AF7C4B0095F9C3 /* NodeInstance.m */; };
		ED960D8F20AF7C4B0095F9C3 /* NSObject+Properties.m in Sources */ = {isa = PBXBuildFile; fileRef = ED960D8620AF7C4B0095F9C3 /* NSObject+Properties.m */; };
		ED960D9020AF7C4B0095F9C3 /* NSString+TrimLeadingWhitespace.m in Sources */ = {isa = PBXBuildFile; fileRef = ED960D8720AF7C4B0095F9C3 /* NSString+TrimLeadingWhitespace.m */; };
		ED960D9120AF7C4B0095F9C3 /* XMLReader.m in Sources */ = {isa = PBXBuildFile; fileRef = ED960D8A20AF7C4B0095F9C3 /* XMLReader.m */; };
		ED960D9920AF83340095F9C3 /* WebDriverElementNode.swift in Sources */ = {isa = PBXBuildFile; fileRef = ED960D9820AF83340095F9C3 /* WebDriverElementNode.swift */; };
		ED960D9B20AF91620095F9C3 /* QuartzCore.framework in Frameworks */ = {isa = PBXBuildFile; fileRef = ED960D9A20AF91620095F9C3 /* QuartzCore.framework */; };
		ED960D9D20AF916F0095F9C3 /* Security.framework in Frameworks */ = {isa = PBXBuildFile; fileRef = ED960D9C20AF916F0095F9C3 /* Security.framework */; };
		ED960D9F20AF917A0095F9C3 /* Cocoa.framework in Frameworks */ = {isa = PBXBuildFile; fileRef = ED960D9E20AF917A0095F9C3 /* Cocoa.framework */; };
		ED960DA320B09E560095F9C3 /* AppiumCodeMakerLocator.swift in Sources */ = {isa = PBXBuildFile; fileRef = ED960DA220B09E560095F9C3 /* AppiumCodeMakerLocator.swift */; };
		ED960DA520B18E520095F9C3 /* AppiumCodeMakerActionTap.swift in Sources */ = {isa = PBXBuildFile; fileRef = ED960DA420B18E520095F9C3 /* AppiumCodeMakerActionTap.swift */; };
/* End PBXBuildFile section */

/* Begin PBXFileReference section */
		4EE73A8BE797F70F67FAB0F7 /* Pods-RemoteControlIOSDevice.debug.xcconfig */ = {isa = PBXFileReference; includeInIndex = 1; lastKnownFileType = text.xcconfig; name = "Pods-RemoteControlIOSDevice.debug.xcconfig"; path = "Pods/Target Support Files/Pods-RemoteControlIOSDevice/Pods-RemoteControlIOSDevice.debug.xcconfig"; sourceTree = "<group>"; };
		5E8BF0B33A796C7B51E5F79E /* Pods_RemoteControlIOSDevice.framework */ = {isa = PBXFileReference; explicitFileType = wrapper.framework; includeInIndex = 0; path = Pods_RemoteControlIOSDevice.framework; sourceTree = BUILT_PRODUCTS_DIR; };
		93D7E1D429FF3D6F6A3B6446 /* Pods-RemoteControlIOSDevice.release.xcconfig */ = {isa = PBXFileReference; includeInIndex = 1; lastKnownFileType = text.xcconfig; name = "Pods-RemoteControlIOSDevice.release.xcconfig"; path = "Pods/Target Support Files/Pods-RemoteControlIOSDevice/Pods-RemoteControlIOSDevice.release.xcconfig"; sourceTree = "<group>"; };
		ED4A0C1020AB42FA00B43A23 /* RemoteControlIOSDevice.app */ = {isa = PBXFileReference; explicitFileType = wrapper.application; includeInIndex = 0; path = RemoteControlIOSDevice.app; sourceTree = BUILT_PRODUCTS_DIR; };
		ED4A0C1320AB42FA00B43A23 /* AppDelegate.swift */ = {isa = PBXFileReference; lastKnownFileType = sourcecode.swift; path = AppDelegate.swift; sourceTree = "<group>"; };
		ED4A0C1520AB42FA00B43A23 /* RemoteControlViewController.swift */ = {isa = PBXFileReference; lastKnownFileType = sourcecode.swift; path = RemoteControlViewController.swift; sourceTree = "<group>"; };
		ED4A0C1720AB42FC00B43A23 /* Assets.xcassets */ = {isa = PBXFileReference; lastKnownFileType = folder.assetcatalog; path = Assets.xcassets; sourceTree = "<group>"; };
		ED4A0C1A20AB42FC00B43A23 /* Base */ = {isa = PBXFileReference; lastKnownFileType = file.storyboard; name = Base; path = Base.lproj/Main.storyboard; sourceTree = "<group>"; };
		ED4A0C1C20AB42FC00B43A23 /* Info.plist */ = {isa = PBXFileReference; lastKnownFileType = text.plist.xml; path = Info.plist; sourceTree = "<group>"; };
		ED4A0C1D20AB42FC00B43A23 /* RemoteControlIOSDevice.entitlements */ = {isa = PBXFileReference; lastKnownFileType = text.plist.entitlements; path = RemoteControlIOSDevice.entitlements; sourceTree = "<group>"; };
		ED960D6C20ADBB120095F9C3 /* RemoteControlModel.swift */ = {isa = PBXFileReference; lastKnownFileType = sourcecode.swift; path = RemoteControlModel.swift; sourceTree = "<group>"; };
		ED960D6E20ADBED60095F9C3 /* RemoteControlIOSModel.swift */ = {isa = PBXFileReference; lastKnownFileType = sourcecode.swift; path = RemoteControlIOSModel.swift; sourceTree = "<group>"; };
		ED960D7220ADD8350095F9C3 /* defaults.plist */ = {isa = PBXFileReference; fileEncoding = 4; lastKnownFileType = text.plist.xml; path = defaults.plist; sourceTree = "<group>"; };
		ED960D7620AF01040095F9C3 /* RemoteControlIOSDevice-Bridging-header.h */ = {isa = PBXFileReference; lastKnownFileType = sourcecode.c.h; path = "RemoteControlIOSDevice-Bridging-header.h"; sourceTree = "<group>"; };
		ED960D7720AF24200095F9C3 /* ScreenShotImageView.swift */ = {isa = PBXFileReference; lastKnownFileType = sourcecode.swift; path = ScreenShotImageView.swift; sourceTree = "<group>"; };
		ED960D7A20AF3F2C0095F9C3 /* RemoteControlViewModel.swift */ = {isa = PBXFileReference; lastKnownFileType = sourcecode.swift; path = RemoteControlViewModel.swift; sourceTree = "<group>"; };
		ED960D7D20AF7C4B0095F9C3 /* NodeInstance.h */ = {isa = PBXFileReference; fileEncoding = 4; lastKnownFileType = sourcecode.c.h; path = NodeInstance.h; sourceTree = "<group>"; };
		ED960D7F20AF7C4B0095F9C3 /* NSImage+Rotated.m */ = {isa = PBXFileReference; fileEncoding = 4; lastKnownFileType = sourcecode.c.objc; path = "NSImage+Rotated.m"; sourceTree = "<group>"; };
		ED960D8020AF7C4B0095F9C3 /* NSString+trimLeadingWhitespace.h */ = {isa = PBXFileReference; fileEncoding = 4; lastKnownFileType = sourcecode.c.h; path = "NSString+trimLeadingWhitespace.h"; sourceTree = "<group>"; };
		ED960D8120AF7C4B0095F9C3 /* NSObject+Properties.h */ = {isa = PBXFileReference; fileEncoding = 4; lastKnownFileType = sourcecode.c.h; path = "NSObject+Properties.h"; sourceTree = "<group>"; };
		ED960D8220AF7C4B0095F9C3 /* Utility.m */ = {isa = PBXFileReference; fileEncoding = 4; lastKnownFileType = sourcecode.c.objc; path = Utility.m; sourceTree = "<group>"; };
		ED960D8320AF7C4B0095F9C3 /* XMLReader.h */ = {isa = PBXFileReference; fileEncoding = 4; lastKnownFileType = sourcecode.c.h; path = XMLReader.h; sourceTree = "<group>"; };
		ED960D8520AF7C4B0095F9C3 /* NodeInstance.m */ = {isa = PBXFileReference; fileEncoding = 4; lastKnownFileType = sourcecode.c.objc; path = NodeInstance.m; sourceTree = "<group>"; };
		ED960D8620AF7C4B0095F9C3 /* NSObject+Properties.m */ = {isa = PBXFileReference; fileEncoding = 4; lastKnownFileType = sourcecode.c.objc; path = "NSObject+Properties.m"; sourceTree = "<group>"; };
		ED960D8720AF7C4B0095F9C3 /* NSString+TrimLeadingWhitespace.m */ = {isa = PBXFileReference; fileEncoding = 4; lastKnownFileType = sourcecode.c.objc; path = "NSString+TrimLeadingWhitespace.m"; sourceTree = "<group>"; };
		ED960D8820AF7C4B0095F9C3 /* NSImage+Rotated.h */ = {isa = PBXFileReference; fileEncoding = 4; lastKnownFileType = sourcecode.c.h; path = "NSImage+Rotated.h"; sourceTree = "<group>"; };
		ED960D8920AF7C4B0095F9C3 /* Utility.h */ = {isa = PBXFileReference; fileEncoding = 4; lastKnownFileType = sourcecode.c.h; path = Utility.h; sourceTree = "<group>"; };
		ED960D8A20AF7C4B0095F9C3 /* XMLReader.m */ = {isa = PBXFileReference; fileEncoding = 4; lastKnownFileType = sourcecode.c.objc; path = XMLReader.m; sourceTree = "<group>"; };
		ED960D9820AF83340095F9C3 /* WebDriverElementNode.swift */ = {isa = PBXFileReference; lastKnownFileType = sourcecode.swift; path = WebDriverElementNode.swift; sourceTree = "<group>"; };
		ED960D9A20AF91620095F9C3 /* QuartzCore.framework */ = {isa = PBXFileReference; lastKnownFileType = wrapper.framework; name = QuartzCore.framework; path = System/Library/Frameworks/QuartzCore.framework; sourceTree = SDKROOT; };
		ED960D9C20AF916F0095F9C3 /* Security.framework */ = {isa = PBXFileReference; lastKnownFileType = wrapper.framework; name = Security.framework; path = System/Library/Frameworks/Security.framework; sourceTree = SDKROOT; };
		ED960D9E20AF917A0095F9C3 /* Cocoa.framework */ = {isa = PBXFileReference; lastKnownFileType = wrapper.framework; name = Cocoa.framework; path = System/Library/Frameworks/Cocoa.framework; sourceTree = SDKROOT; };
		ED960DA220B09E560095F9C3 /* AppiumCodeMakerLocator.swift */ = {isa = PBXFileReference; lastKnownFileType = sourcecode.swift; path = AppiumCodeMakerLocator.swift; sourceTree = "<group>"; };
		ED960DA420B18E520095F9C3 /* AppiumCodeMakerActionTap.swift */ = {isa = PBXFileReference; lastKnownFileType = sourcecode.swift; path = AppiumCodeMakerActionTap.swift; sourceTree = "<group>"; };
/* End PBXFileReference section */

/* Begin PBXFrameworksBuildPhase section */
		ED4A0C0D20AB42FA00B43A23 /* Frameworks */ = {
			isa = PBXFrameworksBuildPhase;
			buildActionMask = 2147483647;
			files = (
				ED960D9F20AF917A0095F9C3 /* Cocoa.framework in Frameworks */,
				ED960D9D20AF916F0095F9C3 /* Security.framework in Frameworks */,
				ED960D9B20AF91620095F9C3 /* QuartzCore.framework in Frameworks */,
				3E4C57197ABC89E969554F2B /* Pods_RemoteControlIOSDevice.framework in Frameworks */,
			);
			runOnlyForDeploymentPostprocessing = 0;
		};
/* End PBXFrameworksBuildPhase section */

/* Begin PBXGroup section */
		15856FD8784D92859BE66F44 /* Pods */ = {
			isa = PBXGroup;
			children = (
				4EE73A8BE797F70F67FAB0F7 /* Pods-RemoteControlIOSDevice.debug.xcconfig */,
				93D7E1D429FF3D6F6A3B6446 /* Pods-RemoteControlIOSDevice.release.xcconfig */,
			);
			name = Pods;
			sourceTree = "<group>";
		};
		922E380D38BEDCCAFAC1613C /* Frameworks */ = {
			isa = PBXGroup;
			children = (
				ED960D9E20AF917A0095F9C3 /* Cocoa.framework */,
				ED960D9C20AF916F0095F9C3 /* Security.framework */,
				ED960D9A20AF91620095F9C3 /* QuartzCore.framework */,
				5E8BF0B33A796C7B51E5F79E /* Pods_RemoteControlIOSDevice.framework */,
			);
			name = Frameworks;
			sourceTree = "<group>";
		};
		ED4A0C0720AB42FA00B43A23 = {
			isa = PBXGroup;
			children = (
				ED4A0C1220AB42FA00B43A23 /* RemoteControlIOSDevice */,
				ED4A0C1120AB42FA00B43A23 /* Products */,
				15856FD8784D92859BE66F44 /* Pods */,
				922E380D38BEDCCAFAC1613C /* Frameworks */,
			);
			sourceTree = "<group>";
		};
		ED4A0C1120AB42FA00B43A23 /* Products */ = {
			isa = PBXGroup;
			children = (
				ED4A0C1020AB42FA00B43A23 /* RemoteControlIOSDevice.app */,
			);
			name = Products;
			sourceTree = "<group>";
		};
		ED4A0C1220AB42FA00B43A23 /* RemoteControlIOSDevice */ = {
			isa = PBXGroup;
			children = (
				ED4A0C1C20AB42FC00B43A23 /* Info.plist */,
				ED960D7C20AF7C4B0095F9C3 /* Utility */,
				ED960D9420AF7CB60095F9C3 /* SupportingFiles */,
				ED4A0C1920AB42FC00B43A23 /* Main.storyboard */,
				ED960D7520ADDB8B0095F9C3 /* Model */,
				ED960D7920AF24280095F9C3 /* View */,
				ED960D9220AF7C5E0095F9C3 /* ViewModel */,
				ED960D7620AF01040095F9C3 /* RemoteControlIOSDevice-Bridging-header.h */,
			);
			path = RemoteControlIOSDevice;
			sourceTree = "<group>";
		};
		ED960D7520ADDB8B0095F9C3 /* Model */ = {
			isa = PBXGroup;
			children = (
				ED960D6C20ADBB120095F9C3 /* RemoteControlModel.swift */,
				ED960D6E20ADBED60095F9C3 /* RemoteControlIOSModel.swift */,
				ED960D9820AF83340095F9C3 /* WebDriverElementNode.swift */,
				ED960DA220B09E560095F9C3 /* AppiumCodeMakerLocator.swift */,
				ED960DA420B18E520095F9C3 /* AppiumCodeMakerActionTap.swift */,
			);
			path = Model;
			sourceTree = "<group>";
		};
		ED960D7920AF24280095F9C3 /* View */ = {
			isa = PBXGroup;
			children = (
				ED4A0C1520AB42FA00B43A23 /* RemoteControlViewController.swift */,
				ED960D7720AF24200095F9C3 /* ScreenShotImageView.swift */,
			);
			path = View;
			sourceTree = "<group>";
		};
		ED960D7C20AF7C4B0095F9C3 /* Utility */ = {
			isa = PBXGroup;
			children = (
				ED960D7D20AF7C4B0095F9C3 /* NodeInstance.h */,
				ED960D7F20AF7C4B0095F9C3 /* NSImage+Rotated.m */,
				ED960D8020AF7C4B0095F9C3 /* NSString+trimLeadingWhitespace.h */,
				ED960D8120AF7C4B0095F9C3 /* NSObject+Properties.h */,
				ED960D8220AF7C4B0095F9C3 /* Utility.m */,
				ED960D8320AF7C4B0095F9C3 /* XMLReader.h */,
				ED960D8520AF7C4B0095F9C3 /* NodeInstance.m */,
				ED960D8620AF7C4B0095F9C3 /* NSObject+Properties.m */,
				ED960D8720AF7C4B0095F9C3 /* NSString+TrimLeadingWhitespace.m */,
				ED960D8820AF7C4B0095F9C3 /* NSImage+Rotated.h */,
				ED960D8920AF7C4B0095F9C3 /* Utility.h */,
				ED960D8A20AF7C4B0095F9C3 /* XMLReader.m */,
			);
			path = Utility;
			sourceTree = "<group>";
		};
		ED960D9220AF7C5E0095F9C3 /* ViewModel */ = {
			isa = PBXGroup;
			children = (
				ED960D7A20AF3F2C0095F9C3 /* RemoteControlViewModel.swift */,
			);
			path = ViewModel;
			sourceTree = "<group>";
		};
		ED960D9420AF7CB60095F9C3 /* SupportingFiles */ = {
			isa = PBXGroup;
			children = (
				ED960D7220ADD8350095F9C3 /* defaults.plist */,
				ED4A0C1320AB42FA00B43A23 /* AppDelegate.swift */,
				ED4A0C1720AB42FC00B43A23 /* Assets.xcassets */,
				ED4A0C1D20AB42FC00B43A23 /* RemoteControlIOSDevice.entitlements */,
			);
			path = SupportingFiles;
			sourceTree = "<group>";
		};
/* End PBXGroup section */

/* Begin PBXNativeTarget section */
		ED4A0C0F20AB42FA00B43A23 /* RemoteControlIOSDevice */ = {
			isa = PBXNativeTarget;
			buildConfigurationList = ED4A0C2020AB42FC00B43A23 /* Build configuration list for PBXNativeTarget "RemoteControlIOSDevice" */;
			buildPhases = (
				26257A76FF2ECF7E4D947DEC /* [CP] Check Pods Manifest.lock */,
				ED4A0C0C20AB42FA00B43A23 /* Sources */,
				ED4A0C0D20AB42FA00B43A23 /* Frameworks */,
				ED4A0C0E20AB42FA00B43A23 /* Resources */,
				A3B69EB38956FF0AD6F21B36 /* [CP] Embed Pods Frameworks */,
			);
			buildRules = (
			);
			dependencies = (
			);
			name = RemoteControlIOSDevice;
			productName = RemoteControlIOSDevice;
			productReference = ED4A0C1020AB42FA00B43A23 /* RemoteControlIOSDevice.app */;
			productType = "com.apple.product-type.application";
		};
/* End PBXNativeTarget section */

/* Begin PBXProject section */
		ED4A0C0820AB42FA00B43A23 /* Project object */ = {
			isa = PBXProject;
			attributes = {
				LastSwiftUpdateCheck = 0930;
				LastUpgradeCheck = 0930;
				ORGANIZATIONNAME = privateprojects;
				TargetAttributes = {
					ED4A0C0F20AB42FA00B43A23 = {
						CreatedOnToolsVersion = 9.3;
					};
				};
			};
			buildConfigurationList = ED4A0C0B20AB42FA00B43A23 /* Build configuration list for PBXProject "RemoteControlIOSDevice" */;
			compatibilityVersion = "Xcode 9.3";
			developmentRegion = en;
			hasScannedForEncodings = 0;
			knownRegions = (
				en,
				Base,
			);
			mainGroup = ED4A0C0720AB42FA00B43A23;
			productRefGroup = ED4A0C1120AB42FA00B43A23 /* Products */;
			projectDirPath = "";
			projectRoot = "";
			targets = (
				ED4A0C0F20AB42FA00B43A23 /* RemoteControlIOSDevice */,
			);
		};
/* End PBXProject section */

/* Begin PBXResourcesBuildPhase section */
		ED4A0C0E20AB42FA00B43A23 /* Resources */ = {
			isa = PBXResourcesBuildPhase;
			buildActionMask = 2147483647;
			files = (
				ED4A0C1820AB42FC00B43A23 /* Assets.xcassets in Resources */,
				ED960D7320ADD8350095F9C3 /* defaults.plist in Resources */,
				ED4A0C1B20AB42FC00B43A23 /* Main.storyboard in Resources */,
			);
			runOnlyForDeploymentPostprocessing = 0;
		};
/* End PBXResourcesBuildPhase section */

/* Begin PBXShellScriptBuildPhase section */
		26257A76FF2ECF7E4D947DEC /* [CP] Check Pods Manifest.lock */ = {
			isa = PBXShellScriptBuildPhase;
			buildActionMask = 2147483647;
			files = (
			);
			inputPaths = (
				"${PODS_PODFILE_DIR_PATH}/Podfile.lock",
				"${PODS_ROOT}/Manifest.lock",
			);
			name = "[CP] Check Pods Manifest.lock";
			outputPaths = (
				"$(DERIVED_FILE_DIR)/Pods-RemoteControlIOSDevice-checkManifestLockResult.txt",
			);
			runOnlyForDeploymentPostprocessing = 0;
			shellPath = /bin/sh;
			shellScript = "diff \"${PODS_PODFILE_DIR_PATH}/Podfile.lock\" \"${PODS_ROOT}/Manifest.lock\" > /dev/null\nif [ $? != 0 ] ; then\n    # print error to STDERR\n    echo \"error: The sandbox is not in sync with the Podfile.lock. Run 'pod install' or update your CocoaPods installation.\" >&2\n    exit 1\nfi\n# This output is used by Xcode 'outputs' to avoid re-running this script phase.\necho \"SUCCESS\" > \"${SCRIPT_OUTPUT_FILE_0}\"\n";
			showEnvVarsInLog = 0;
		};
		A3B69EB38956FF0AD6F21B36 /* [CP] Embed Pods Frameworks */ = {
			isa = PBXShellScriptBuildPhase;
			buildActionMask = 2147483647;
			files = (
			);
			inputPaths = (
				"${SRCROOT}/Pods/Target Support Files/Pods-RemoteControlIOSDevice/Pods-RemoteControlIOSDevice-frameworks.sh",
				"${BUILT_PRODUCTS_DIR}/Selenium/Selenium.framework",
				"${BUILT_PRODUCTS_DIR}/Socket.IO-Client-Swift/SocketIO.framework",
				"${BUILT_PRODUCTS_DIR}/Starscream/Starscream.framework",
			);
			name = "[CP] Embed Pods Frameworks";
			outputPaths = (
				"${TARGET_BUILD_DIR}/${FRAMEWORKS_FOLDER_PATH}/Selenium.framework",
				"${TARGET_BUILD_DIR}/${FRAMEWORKS_FOLDER_PATH}/SocketIO.framework",
				"${TARGET_BUILD_DIR}/${FRAMEWORKS_FOLDER_PATH}/Starscream.framework",
			);
			runOnlyForDeploymentPostprocessing = 0;
			shellPath = /bin/sh;
			shellScript = "\"${SRCROOT}/Pods/Target Support Files/Pods-RemoteControlIOSDevice/Pods-RemoteControlIOSDevice-frameworks.sh\"\n";
			showEnvVarsInLog = 0;
		};
/* End PBXShellScriptBuildPhase section */

/* Begin PBXSourcesBuildPhase section */
		ED4A0C0C20AB42FA00B43A23 /* Sources */ = {
			isa = PBXSourcesBuildPhase;
			buildActionMask = 2147483647;
			files = (
				ED960D7820AF24200095F9C3 /* ScreenShotImageView.swift in Sources */,
				ED960D6D20ADBB120095F9C3 /* RemoteControlModel.swift in Sources */,
				ED960D9020AF7C4B0095F9C3 /* NSString+TrimLeadingWhitespace.m in Sources */,
				ED4A0C1620AB42FA00B43A23 /* RemoteControlViewController.swift in Sources */,
				ED960D8C20AF7C4B0095F9C3 /* Utility.m in Sources */,
				ED960D9920AF83340095F9C3 /* WebDriverElementNode.swift in Sources */,
				ED960D9120AF7C4B0095F9C3 /* XMLReader.m in Sources */,
				ED4A0C1420AB42FA00B43A23 /* AppDelegate.swift in Sources */,
				ED960DA320B09E560095F9C3 /* AppiumCodeMakerLocator.swift in Sources */,
				ED960DA520B18E520095F9C3 /* AppiumCodeMakerActionTap.swift in Sources */,
				ED960D7B20AF3F2C0095F9C3 /* RemoteControlViewModel.swift in Sources */,
				ED960D8F20AF7C4B0095F9C3 /* NSObject+Properties.m in Sources */,
				ED960D8E20AF7C4B0095F9C3 /* NodeInstance.m in Sources */,
				ED960D8B20AF7C4B0095F9C3 /* NSImage+Rotated.m in Sources */,
				ED960D6F20ADBED60095F9C3 /* RemoteControlIOSModel.swift in Sources */,
			);
			runOnlyForDeploymentPostprocessing = 0;
		};
/* End PBXSourcesBuildPhase section */

/* Begin PBXVariantGroup section */
		ED4A0C1920AB42FC00B43A23 /* Main.storyboard */ = {
			isa = PBXVariantGroup;
			children = (
				ED4A0C1A20AB42FC00B43A23 /* Base */,
			);
			name = Main.storyboard;
			sourceTree = "<group>";
		};
/* End PBXVariantGroup section */

/* Begin XCBuildConfiguration section */
		ED4A0C1E20AB42FC00B43A23 /* Debug */ = {
			isa = XCBuildConfiguration;
			buildSettings = {
				ALWAYS_SEARCH_USER_PATHS = NO;
				CLANG_ANALYZER_NONNULL = YES;
				CLANG_ANALYZER_NUMBER_OBJECT_CONVERSION = YES_AGGRESSIVE;
				CLANG_CXX_LANGUAGE_STANDARD = "gnu++14";
				CLANG_CXX_LIBRARY = "libc++";
				CLANG_ENABLE_MODULES = YES;
				CLANG_ENABLE_OBJC_ARC = YES;
				CLANG_ENABLE_OBJC_WEAK = YES;
				CLANG_WARN_BLOCK_CAPTURE_AUTORELEASING = YES;
				CLANG_WARN_BOOL_CONVERSION = YES;
				CLANG_WARN_COMMA = YES;
				CLANG_WARN_CONSTANT_CONVERSION = YES;
				CLANG_WARN_DEPRECATED_OBJC_IMPLEMENTATIONS = YES;
				CLANG_WARN_DIRECT_OBJC_ISA_USAGE = YES_ERROR;
				CLANG_WARN_DOCUMENTATION_COMMENTS = YES;
				CLANG_WARN_EMPTY_BODY = YES;
				CLANG_WARN_ENUM_CONVERSION = YES;
				CLANG_WARN_INFINITE_RECURSION = YES;
				CLANG_WARN_INT_CONVERSION = YES;
				CLANG_WARN_NON_LITERAL_NULL_CONVERSION = YES;
				CLANG_WARN_OBJC_IMPLICIT_RETAIN_SELF = YES;
				CLANG_WARN_OBJC_LITERAL_CONVERSION = YES;
				CLANG_WARN_OBJC_ROOT_CLASS = YES_ERROR;
				CLANG_WARN_RANGE_LOOP_ANALYSIS = YES;
				CLANG_WARN_STRICT_PROTOTYPES = YES;
				CLANG_WARN_SUSPICIOUS_MOVE = YES;
				CLANG_WARN_UNGUARDED_AVAILABILITY = YES_AGGRESSIVE;
				CLANG_WARN_UNREACHABLE_CODE = YES;
				CLANG_WARN__DUPLICATE_METHOD_MATCH = YES;
				CODE_SIGN_IDENTITY = "Mac Developer";
				COPY_PHASE_STRIP = NO;
				DEBUG_INFORMATION_FORMAT = dwarf;
				ENABLE_STRICT_OBJC_MSGSEND = YES;
				ENABLE_TESTABILITY = YES;
				GCC_C_LANGUAGE_STANDARD = gnu11;
				GCC_DYNAMIC_NO_PIC = NO;
				GCC_NO_COMMON_BLOCKS = YES;
				GCC_OPTIMIZATION_LEVEL = 0;
				GCC_PREPROCESSOR_DEFINITIONS = (
					"DEBUG=1",
					"$(inherited)",
				);
				GCC_WARN_64_TO_32_BIT_CONVERSION = YES;
				GCC_WARN_ABOUT_RETURN_TYPE = YES_ERROR;
				GCC_WARN_UNDECLARED_SELECTOR = YES;
				GCC_WARN_UNINITIALIZED_AUTOS = YES_AGGRESSIVE;
				GCC_WARN_UNUSED_FUNCTION = YES;
				GCC_WARN_UNUSED_VARIABLE = YES;
				MACOSX_DEPLOYMENT_TARGET = 10.13;
				MTL_ENABLE_DEBUG_INFO = YES;
				ONLY_ACTIVE_ARCH = YES;
				SDKROOT = macosx;
				SWIFT_ACTIVE_COMPILATION_CONDITIONS = DEBUG;
				SWIFT_OPTIMIZATION_LEVEL = "-Onone";
			};
			name = Debug;
		};
		ED4A0C1F20AB42FC00B43A23 /* Release */ = {
			isa = XCBuildConfiguration;
			buildSettings = {
				ALWAYS_SEARCH_USER_PATHS = NO;
				CLANG_ANALYZER_NONNULL = YES;
				CLANG_ANALYZER_NUMBER_OBJECT_CONVERSION = YES_AGGRESSIVE;
				CLANG_CXX_LANGUAGE_STANDARD = "gnu++14";
				CLANG_CXX_LIBRARY = "libc++";
				CLANG_ENABLE_MODULES = YES;
				CLANG_ENABLE_OBJC_ARC = YES;
				CLANG_ENABLE_OBJC_WEAK = YES;
				CLANG_WARN_BLOCK_CAPTURE_AUTORELEASING = YES;
				CLANG_WARN_BOOL_CONVERSION = YES;
				CLANG_WARN_COMMA = YES;
				CLANG_WARN_CONSTANT_CONVERSION = YES;
				CLANG_WARN_DEPRECATED_OBJC_IMPLEMENTATIONS = YES;
				CLANG_WARN_DIRECT_OBJC_ISA_USAGE = YES_ERROR;
				CLANG_WARN_DOCUMENTATION_COMMENTS = YES;
				CLANG_WARN_EMPTY_BODY = YES;
				CLANG_WARN_ENUM_CONVERSION = YES;
				CLANG_WARN_INFINITE_RECURSION = YES;
				CLANG_WARN_INT_CONVERSION = YES;
				CLANG_WARN_NON_LITERAL_NULL_CONVERSION = YES;
				CLANG_WARN_OBJC_IMPLICIT_RETAIN_SELF = YES;
				CLANG_WARN_OBJC_LITERAL_CONVERSION = YES;
				CLANG_WARN_OBJC_ROOT_CLASS = YES_ERROR;
				CLANG_WARN_RANGE_LOOP_ANALYSIS = YES;
				CLANG_WARN_STRICT_PROTOTYPES = YES;
				CLANG_WARN_SUSPICIOUS_MOVE = YES;
				CLANG_WARN_UNGUARDED_AVAILABILITY = YES_AGGRESSIVE;
				CLANG_WARN_UNREACHABLE_CODE = YES;
				CLANG_WARN__DUPLICATE_METHOD_MATCH = YES;
				CODE_SIGN_IDENTITY = "Mac Developer";
				COPY_PHASE_STRIP = NO;
				DEBUG_INFORMATION_FORMAT = "dwarf-with-dsym";
				ENABLE_NS_ASSERTIONS = NO;
				ENABLE_STRICT_OBJC_MSGSEND = YES;
				GCC_C_LANGUAGE_STANDARD = gnu11;
				GCC_NO_COMMON_BLOCKS = YES;
				GCC_WARN_64_TO_32_BIT_CONVERSION = YES;
				GCC_WARN_ABOUT_RETURN_TYPE = YES_ERROR;
				GCC_WARN_UNDECLARED_SELECTOR = YES;
				GCC_WARN_UNINITIALIZED_AUTOS = YES_AGGRESSIVE;
				GCC_WARN_UNUSED_FUNCTION = YES;
				GCC_WARN_UNUSED_VARIABLE = YES;
				MACOSX_DEPLOYMENT_TARGET = 10.13;
				MTL_ENABLE_DEBUG_INFO = NO;
				SDKROOT = macosx;
				SWIFT_COMPILATION_MODE = wholemodule;
				SWIFT_OPTIMIZATION_LEVEL = "-O";
			};
			name = Release;
		};
		ED4A0C2120AB42FC00B43A23 /* Debug */ = {
			isa = XCBuildConfiguration;
			baseConfigurationReference = 4EE73A8BE797F70F67FAB0F7 /* Pods-RemoteControlIOSDevice.debug.xcconfig */;
			buildSettings = {
				ASSETCATALOG_COMPILER_APPICON_NAME = AppIcon;
				CODE_SIGN_ENTITLEMENTS = RemoteControlIOSDevice/RemoteControlIOSDevice.entitlements;
				CODE_SIGN_STYLE = Automatic;
				COMBINE_HIDPI_IMAGES = YES;
				DEVELOPMENT_TEAM = JUZEVVS5F8;
				INFOPLIST_FILE = RemoteControlIOSDevice/Info.plist;
				LD_RUNPATH_SEARCH_PATHS = (
					"$(inherited)",
					"@executable_path/../Frameworks",
				);
				PRODUCT_BUNDLE_IDENTIFIER = com.privateprojects.RemoteControlIOSDevice;
				PRODUCT_NAME = "$(TARGET_NAME)";
				SWIFT_OBJC_BRIDGING_HEADER = "RemoteControlIOSDevice/RemoteControlIOSDevice-Bridging-header.h";
				SWIFT_VERSION = 4.0;
			};
			name = Debug;
		};
		ED4A0C2220AB42FC00B43A23 /* Release */ = {
			isa = XCBuildConfiguration;
			baseConfigurationReference = 93D7E1D429FF3D6F6A3B6446 /* Pods-RemoteControlIOSDevice.release.xcconfig */;
			buildSettings = {
				ASSETCATALOG_COMPILER_APPICON_NAME = AppIcon;
				CODE_SIGN_ENTITLEMENTS = RemoteControlIOSDevice/RemoteControlIOSDevice.entitlements;
				CODE_SIGN_STYLE = Automatic;
				COMBINE_HIDPI_IMAGES = YES;
				DEVELOPMENT_TEAM = JUZEVVS5F8;
				INFOPLIST_FILE = RemoteControlIOSDevice/Info.plist;
				LD_RUNPATH_SEARCH_PATHS = (
					"$(inherited)",
					"@executable_path/../Frameworks",
				);
				PRODUCT_BUNDLE_IDENTIFIER = com.privateprojects.RemoteControlIOSDevice;
				PRODUCT_NAME = "$(TARGET_NAME)";
				SWIFT_OBJC_BRIDGING_HEADER = "RemoteControlIOSDevice/RemoteControlIOSDevice-Bridging-header.h";
				SWIFT_VERSION = 4.0;
			};
			name = Release;
		};
/* End XCBuildConfiguration section */

/* Begin XCConfigurationList section */
		ED4A0C0B20AB42FA00B43A23 /* Build configuration list for PBXProject "RemoteControlIOSDevice" */ = {
			isa = XCConfigurationList;
			buildConfigurations = (
				ED4A0C1E20AB42FC00B43A23 /* Debug */,
				ED4A0C1F20AB42FC00B43A23 /* Release */,
			);
			defaultConfigurationIsVisible = 0;
			defaultConfigurationName = Release;
		};
		ED4A0C2020AB42FC00B43A23 /* Build configuration list for PBXNativeTarget "RemoteControlIOSDevice" */ = {
			isa = XCConfigurationList;
			buildConfigurations = (
				ED4A0C2120AB42FC00B43A23 /* Debug */,
				ED4A0C2220AB42FC00B43A23 /* Release */,
			);
			defaultConfigurationIsVisible = 0;
			defaultConfigurationName = Release;
		};
/* End XCConfigurationList section */
	};
	rootObject = ED4A0C0820AB42FA00B43A23 /* Project object */;
}
